// !$*UTF8*$!
{
	archiveVersion = 1;
	classes = {
	};
	objectVersion = 56;
	objects = {

/* Begin PBXBuildFile section */
		D709B63D29CDDF99004676EB /* MeditateTimeApp.swift in Sources */ = {isa = PBXBuildFile; fileRef = D709B63C29CDDF99004676EB /* MeditateTimeApp.swift */; };
		D709B63F29CDDF99004676EB /* ContentView.swift in Sources */ = {isa = PBXBuildFile; fileRef = D709B63E29CDDF99004676EB /* ContentView.swift */; };
		D709B64129CDDF9A004676EB /* Assets.xcassets in Resources */ = {isa = PBXBuildFile; fileRef = D709B64029CDDF9A004676EB /* Assets.xcassets */; };
		D709B64429CDDF9A004676EB /* Preview Assets.xcassets in Resources */ = {isa = PBXBuildFile; fileRef = D709B64329CDDF9A004676EB /* Preview Assets.xcassets */; };
		D709B64B29CFCE4C004676EB /* MeditationView.swift in Sources */ = {isa = PBXBuildFile; fileRef = D709B64A29CFCE4C004676EB /* MeditationView.swift */; };
		D709B64D29CFE51F004676EB /* PlayerView.swift in Sources */ = {isa = PBXBuildFile; fileRef = D709B64C29CFE51F004676EB /* PlayerView.swift */; };
		D709B64F29D0B3F7004676EB /* PlaybackControlButton.swift in Sources */ = {isa = PBXBuildFile; fileRef = D709B64E29D0B3F7004676EB /* PlaybackControlButton.swift */; };
		D709B65129D12339004676EB /* MeditationViewModel.swift in Sources */ = {isa = PBXBuildFile; fileRef = D709B65029D12339004676EB /* MeditationViewModel.swift */; };
		D709B65329D1270C004676EB /* Extensions.swift in Sources */ = {isa = PBXBuildFile; fileRef = D709B65229D1270C004676EB /* Extensions.swift */; };
		D709B65529D12D79004676EB /* AudioManager.swift in Sources */ = {isa = PBXBuildFile; fileRef = D709B65429D12D79004676EB /* AudioManager.swift */; };
/* End PBXBuildFile section */

/* Begin PBXFileReference section */
		D709B63929CDDF99004676EB /* MeditateTime.app */ = {isa = PBXFileReference; explicitFileType = wrapper.application; includeInIndex = 0; path = MeditateTime.app; sourceTree = BUILT_PRODUCTS_DIR; };
		D709B63C29CDDF99004676EB /* MeditateTimeApp.swift */ = {isa = PBXFileReference; lastKnownFileType = sourcecode.swift; path = MeditateTimeApp.swift; sourceTree = "<group>"; };
		D709B63E29CDDF99004676EB /* ContentView.swift */ = {isa = PBXFileReference; lastKnownFileType = sourcecode.swift; path = ContentView.swift; sourceTree = "<group>"; };
		D709B64029CDDF9A004676EB /* Assets.xcassets */ = {isa = PBXFileReference; lastKnownFileType = folder.assetcatalog; path = Assets.xcassets; sourceTree = "<group>"; };
		D709B64329CDDF9A004676EB /* Preview Assets.xcassets */ = {isa = PBXFileReference; lastKnownFileType = folder.assetcatalog; path = "Preview Assets.xcassets"; sourceTree = "<group>"; };
		D709B64A29CFCE4C004676EB /* MeditationView.swift */ = {isa = PBXFileReference; lastKnownFileType = sourcecode.swift; path = MeditationView.swift; sourceTree = "<group>"; };
		D709B64C29CFE51F004676EB /* PlayerView.swift */ = {isa = PBXFileReference; lastKnownFileType = sourcecode.swift; path = PlayerView.swift; sourceTree = "<group>"; };
		D709B64E29D0B3F7004676EB /* PlaybackControlButton.swift */ = {isa = PBXFileReference; lastKnownFileType = sourcecode.swift; path = PlaybackControlButton.swift; sourceTree = "<group>"; };
		D709B65029D12339004676EB /* MeditationViewModel.swift */ = {isa = PBXFileReference; lastKnownFileType = sourcecode.swift; path = MeditationViewModel.swift; sourceTree = "<group>"; };
		D709B65229D1270C004676EB /* Extensions.swift */ = {isa = PBXFileReference; lastKnownFileType = sourcecode.swift; path = Extensions.swift; sourceTree = "<group>"; };
		D709B65429D12D79004676EB /* AudioManager.swift */ = {isa = PBXFileReference; lastKnownFileType = sourcecode.swift; path = AudioManager.swift; sourceTree = "<group>"; };
/* End PBXFileReference section */

/* Begin PBXFrameworksBuildPhase section */
		D709B63629CDDF99004676EB /* Frameworks */ = {
			isa = PBXFrameworksBuildPhase;
			buildActionMask = 2147483647;
			files = (
			);
			runOnlyForDeploymentPostprocessing = 0;
		};
/* End PBXFrameworksBuildPhase section */

/* Begin PBXGroup section */
		D709B63029CDDF99004676EB = {
			isa = PBXGroup;
			children = (
				D709B63B29CDDF99004676EB /* MeditateTime */,
				D709B63A29CDDF99004676EB /* Products */,
			);
			sourceTree = "<group>";
		};
		D709B63A29CDDF99004676EB /* Products */ = {
			isa = PBXGroup;
			children = (
				D709B63929CDDF99004676EB /* MeditateTime.app */,
			);
			name = Products;
			sourceTree = "<group>";
		};
		D709B63B29CDDF99004676EB /* MeditateTime */ = {
			isa = PBXGroup;
			children = (
				D709B65629D12D8E004676EB /* Views */,
				D709B63C29CDDF99004676EB /* MeditateTimeApp.swift */,
				D709B64E29D0B3F7004676EB /* PlaybackControlButton.swift */,
				D709B65029D12339004676EB /* MeditationViewModel.swift */,
				D709B65429D12D79004676EB /* AudioManager.swift */,
				D709B65229D1270C004676EB /* Extensions.swift */,
				D709B64029CDDF9A004676EB /* Assets.xcassets */,
				D709B64229CDDF9A004676EB /* Preview Content */,
			);
			path = MeditateTime;
			sourceTree = "<group>";
		};
		D709B64229CDDF9A004676EB /* Preview Content */ = {
			isa = PBXGroup;
			children = (
				D709B64329CDDF9A004676EB /* Preview Assets.xcassets */,
			);
			path = "Preview Content";
			sourceTree = "<group>";
		};
		D709B65629D12D8E004676EB /* Views */ = {
			isa = PBXGroup;
			children = (
				D709B63E29CDDF99004676EB /* ContentView.swift */,
				D709B64C29CFE51F004676EB /* PlayerView.swift */,
				D709B64A29CFCE4C004676EB /* MeditationView.swift */,
			);
			path = Views;
			sourceTree = "<group>";
		};
/* End PBXGroup section */

/* Begin PBXNativeTarget section */
		D709B63829CDDF99004676EB /* MeditateTime */ = {
			isa = PBXNativeTarget;
			buildConfigurationList = D709B64729CDDF9A004676EB /* Build configuration list for PBXNativeTarget "MeditateTime" */;
			buildPhases = (
				D709B63529CDDF99004676EB /* Sources */,
				D709B63629CDDF99004676EB /* Frameworks */,
				D709B63729CDDF99004676EB /* Resources */,
			);
			buildRules = (
			);
			dependencies = (
			);
			name = MeditateTime;
			productName = MeditateTime;
			productReference = D709B63929CDDF99004676EB /* MeditateTime.app */;
			productType = "com.apple.product-type.application";
		};
/* End PBXNativeTarget section */

/* Begin PBXProject section */
		D709B63129CDDF99004676EB /* Project object */ = {
			isa = PBXProject;
			attributes = {
				BuildIndependentTargetsInParallel = 1;
				LastSwiftUpdateCheck = 1420;
				LastUpgradeCheck = 1420;
				TargetAttributes = {
					D709B63829CDDF99004676EB = {
						CreatedOnToolsVersion = 14.2;
					};
				};
			};
			buildConfigurationList = D709B63429CDDF99004676EB /* Build configuration list for PBXProject "MeditateTime" */;
			compatibilityVersion = "Xcode 14.0";
			developmentRegion = en;
			hasScannedForEncodings = 0;
			knownRegions = (
				en,
				Base,
			);
			mainGroup = D709B63029CDDF99004676EB;
			productRefGroup = D709B63A29CDDF99004676EB /* Products */;
			projectDirPath = "";
			projectRoot = "";
			targets = (
				D709B63829CDDF99004676EB /* MeditateTime */,
			);
		};
/* End PBXProject section */

/* Begin PBXResourcesBuildPhase section */
		D709B63729CDDF99004676EB /* Resources */ = {
			isa = PBXResourcesBuildPhase;
			buildActionMask = 2147483647;
			files = (
				D709B64429CDDF9A004676EB /* Preview Assets.xcassets in Resources */,
				D709B64129CDDF9A004676EB /* Assets.xcassets in Resources */,
			);
			runOnlyForDeploymentPostprocessing = 0;
		};
/* End PBXResourcesBuildPhase section */

/* Begin PBXSourcesBuildPhase section */
		D709B63529CDDF99004676EB /* Sources */ = {
			isa = PBXSourcesBuildPhase;
			buildActionMask = 2147483647;
			files = (
				D709B63F29CDDF99004676EB /* ContentView.swift in Sources */,
				D709B64B29CFCE4C004676EB /* MeditationView.swift in Sources */,
				D709B65529D12D79004676EB /* AudioManager.swift in Sources */,
				D709B64F29D0B3F7004676EB /* PlaybackControlButton.swift in Sources */,
				D709B63D29CDDF99004676EB /* MeditateTimeApp.swift in Sources */,
				D709B65129D12339004676EB /* MeditationViewModel.swift in Sources */,
				D709B64D29CFE51F004676EB /* PlayerView.swift in Sources */,
				D709B65329D1270C004676EB /* Extensions.swift in Sources */,
			);
			runOnlyForDeploymentPostprocessing = 0;
		};
/* End PBXSourcesBuildPhase section */

/* Begin XCBuildConfiguration section */
		D709B64529CDDF9A004676EB /* Debug */ = {
			isa = XCBuildConfiguration;
			buildSettings = {
				ALWAYS_SEARCH_USER_PATHS = NO;
				CLANG_ANALYZER_NONNULL = YES;
				CLANG_ANALYZER_NUMBER_OBJECT_CONVERSION = YES_AGGRESSIVE;
				CLANG_CXX_LANGUAGE_STANDARD = "gnu++20";
				CLANG_ENABLE_MODULES = YES;
				CLANG_ENABLE_OBJC_ARC = YES;
				CLANG_ENABLE_OBJC_WEAK = YES;
				CLANG_WARN_BLOCK_CAPTURE_AUTORELEASING = YES;
				CLANG_WARN_BOOL_CONVERSION = YES;
				CLANG_WARN_COMMA = YES;
				CLANG_WARN_CONSTANT_CONVERSION = YES;
				CLANG_WARN_DEPRECATED_OBJC_IMPLEMENTATIONS = YES;
				CLANG_WARN_DIRECT_OBJC_ISA_USAGE = YES_ERROR;
				CLANG_WARN_DOCUMENTATION_COMMENTS = YES;
				CLANG_WARN_EMPTY_BODY = YES;
				CLANG_WARN_ENUM_CONVERSION = YES;
				CLANG_WARN_INFINITE_RECURSION = YES;
				CLANG_WARN_INT_CONVERSION = YES;
				CLANG_WARN_NON_LITERAL_NULL_CONVERSION = YES;
				CLANG_WARN_OBJC_IMPLICIT_RETAIN_SELF = YES;
				CLANG_WARN_OBJC_LITERAL_CONVERSION = YES;
				CLANG_WARN_OBJC_ROOT_CLASS = YES_ERROR;
				CLANG_WARN_QUOTED_INCLUDE_IN_FRAMEWORK_HEADER = YES;
				CLANG_WARN_RANGE_LOOP_ANALYSIS = YES;
				CLANG_WARN_STRICT_PROTOTYPES = YES;
				CLANG_WARN_SUSPICIOUS_MOVE = YES;
				CLANG_WARN_UNGUARDED_AVAILABILITY = YES_AGGRESSIVE;
				CLANG_WARN_UNREACHABLE_CODE = YES;
				CLANG_WARN__DUPLICATE_METHOD_MATCH = YES;
				COPY_PHASE_STRIP = NO;
				DEBUG_INFORMATION_FORMAT = dwarf;
				ENABLE_STRICT_OBJC_MSGSEND = YES;
				ENABLE_TESTABILITY = YES;
				GCC_C_LANGUAGE_STANDARD = gnu11;
				GCC_DYNAMIC_NO_PIC = NO;
				GCC_NO_COMMON_BLOCKS = YES;
				GCC_OPTIMIZATION_LEVEL = 0;
				GCC_PREPROCESSOR_DEFINITIONS = (
					"DEBUG=1",
					"$(inherited)",
				);
				GCC_WARN_64_TO_32_BIT_CONVERSION = YES;
				GCC_WARN_ABOUT_RETURN_TYPE = YES_ERROR;
				GCC_WARN_UNDECLARED_SELECTOR = YES;
				GCC_WARN_UNINITIALIZED_AUTOS = YES_AGGRESSIVE;
				GCC_WARN_UNUSED_FUNCTION = YES;
				GCC_WARN_UNUSED_VARIABLE = YES;
				IPHONEOS_DEPLOYMENT_TARGET = 16.2;
				MTL_ENABLE_DEBUG_INFO = INCLUDE_SOURCE;
				MTL_FAST_MATH = YES;
				ONLY_ACTIVE_ARCH = YES;
				SDKROOT = iphoneos;
				SWIFT_ACTIVE_COMPILATION_CONDITIONS = DEBUG;
				SWIFT_OPTIMIZATION_LEVEL = "-Onone";
			};
			name = Debug;
		};
		D709B64629CDDF9A004676EB /* Release */ = {
			isa = XCBuildConfiguration;
			buildSettings = {
				ALWAYS_SEARCH_USER_PATHS = NO;
				CLANG_ANALYZER_NONNULL = YES;
				CLANG_ANALYZER_NUMBER_OBJECT_CONVERSION = YES_AGGRESSIVE;
				CLANG_CXX_LANGUAGE_STANDARD = "gnu++20";
				CLANG_ENABLE_MODULES = YES;
				CLANG_ENABLE_OBJC_ARC = YES;
				CLANG_ENABLE_OBJC_WEAK = YES;
				CLANG_WARN_BLOCK_CAPTURE_AUTORELEASING = YES;
				CLANG_WARN_BOOL_CONVERSION = YES;
				CLANG_WARN_COMMA = YES;
				CLANG_WARN_CONSTANT_CONVERSION = YES;
				CLANG_WARN_DEPRECATED_OBJC_IMPLEMENTATIONS = YES;
				CLANG_WARN_DIRECT_OBJC_ISA_USAGE = YES_ERROR;
				CLANG_WARN_DOCUMENTATION_COMMENTS = YES;
				CLANG_WARN_EMPTY_BODY = YES;
				CLANG_WARN_ENUM_CONVERSION = YES;
				CLANG_WARN_INFINITE_RECURSION = YES;
				CLANG_WARN_INT_CONVERSION = YES;
				CLANG_WARN_NON_LITERAL_NULL_CONVERSION = YES;
				CLANG_WARN_OBJC_IMPLICIT_RETAIN_SELF = YES;
				CLANG_WARN_OBJC_LITERAL_CONVERSION = YES;
				CLANG_WARN_OBJC_ROOT_CLASS = YES_ERROR;
				CLANG_WARN_QUOTED_INCLUDE_IN_FRAMEWORK_HEADER = YES;
				CLANG_WARN_RANGE_LOOP_ANALYSIS = YES;
				CLANG_WARN_STRICT_PROTOTYPES = YES;
				CLANG_WARN_SUSPICIOUS_MOVE = YES;
				CLANG_WARN_UNGUARDED_AVAILABILITY = YES_AGGRESSIVE;
				CLANG_WARN_UNREACHABLE_CODE = YES;
				CLANG_WARN__DUPLICATE_METHOD_MATCH = YES;
				COPY_PHASE_STRIP = NO;
				DEBUG_INFORMATION_FORMAT = "dwarf-with-dsym";
				ENABLE_NS_ASSERTIONS = NO;
				ENABLE_STRICT_OBJC_MSGSEND = YES;
				GCC_C_LANGUAGE_STANDARD = gnu11;
				GCC_NO_COMMON_BLOCKS = YES;
				GCC_WARN_64_TO_32_BIT_CONVERSION = YES;
				GCC_WARN_ABOUT_RETURN_TYPE = YES_ERROR;
				GCC_WARN_UNDECLARED_SELECTOR = YES;
				GCC_WARN_UNINITIALIZED_AUTOS = YES_AGGRESSIVE;
				GCC_WARN_UNUSED_FUNCTION = YES;
				GCC_WARN_UNUSED_VARIABLE = YES;
				IPHONEOS_DEPLOYMENT_TARGET = 16.2;
				MTL_ENABLE_DEBUG_INFO = NO;
				MTL_FAST_MATH = YES;
				SDKROOT = iphoneos;
				SWIFT_COMPILATION_MODE = wholemodule;
				SWIFT_OPTIMIZATION_LEVEL = "-O";
				VALIDATE_PRODUCT = YES;
			};
			name = Release;
		};
		D709B64829CDDF9A004676EB /* Debug */ = {
			isa = XCBuildConfiguration;
			buildSettings = {
				ASSETCATALOG_COMPILER_APPICON_NAME = AppIcon;
				ASSETCATALOG_COMPILER_GLOBAL_ACCENT_COLOR_NAME = AccentColor;
				CODE_SIGN_STYLE = Automatic;
				CURRENT_PROJECT_VERSION = 1;
				DEVELOPMENT_ASSET_PATHS = "\"MeditateTime/Preview Content\"";
				DEVELOPMENT_TEAM = VLWGCM7W8K;
				ENABLE_PREVIEWS = YES;
				GENERATE_INFOPLIST_FILE = YES;
				INFOPLIST_KEY_UIApplicationSceneManifest_Generation = YES;
				INFOPLIST_KEY_UIApplicationSupportsIndirectInputEvents = YES;
				INFOPLIST_KEY_UILaunchScreen_Generation = YES;
				INFOPLIST_KEY_UISupportedInterfaceOrientations_iPad = "UIInterfaceOrientationPortrait UIInterfaceOrientationPortraitUpsideDown UIInterfaceOrientationLandscapeLeft UIInterfaceOrientationLandscapeRight";
				INFOPLIST_KEY_UISupportedInterfaceOrientations_iPhone = "UIInterfaceOrientationPortrait UIInterfaceOrientationLandscapeLeft UIInterfaceOrientationLandscapeRight";
				LD_RUNPATH_SEARCH_PATHS = (
					"$(inherited)",
					"@executable_path/Frameworks",
				);
				MARKETING_VERSION = 1.0;
				PRODUCT_BUNDLE_IDENTIFIER = com.ykwsolutions.MeditateTime;
				PRODUCT_NAME = "$(TARGET_NAME)";
				SWIFT_EMIT_LOC_STRINGS = YES;
				SWIFT_VERSION = 5.0;
				TARGETED_DEVICE_FAMILY = "1,2";
			};
			name = Debug;
		};
		D709B64929CDDF9A004676EB /* Release */ = {
			isa = XCBuildConfiguration;
			buildSettings = {
				ASSETCATALOG_COMPILER_APPICON_NAME = AppIcon;
				ASSETCATALOG_COMPILER_GLOBAL_ACCENT_COLOR_NAME = AccentColor;
				CODE_SIGN_STYLE = Automatic;
				CURRENT_PROJECT_VERSION = 1;
				DEVELOPMENT_ASSET_PATHS = "\"MeditateTime/Preview Content\"";
				DEVELOPMENT_TEAM = VLWGCM7W8K;
				ENABLE_PREVIEWS = YES;
				GENERATE_INFOPLIST_FILE = YES;
				INFOPLIST_KEY_UIApplicationSceneManifest_Generation = YES;
				INFOPLIST_KEY_UIApplicationSupportsIndirectInputEvents = YES;
				INFOPLIST_KEY_UILaunchScreen_Generation = YES;
				INFOPLIST_KEY_UISupportedInterfaceOrientations_iPad = "UIInterfaceOrientationPortrait UIInterfaceOrientationPortraitUpsideDown UIInterfaceOrientationLandscapeLeft UIInterfaceOrientationLandscapeRight";
				INFOPLIST_KEY_UISupportedInterfaceOrientations_iPhone = "UIInterfaceOrientationPortrait UIInterfaceOrientationLandscapeLeft UIInterfaceOrientationLandscapeRight";
				LD_RUNPATH_SEARCH_PATHS = (
					"$(inherited)",
					"@executable_path/Frameworks",
				);
				MARKETING_VERSION = 1.0;
				PRODUCT_BUNDLE_IDENTIFIER = com.ykwsolutions.MeditateTime;
				PRODUCT_NAME = "$(TARGET_NAME)";
				SWIFT_EMIT_LOC_STRINGS = YES;
				SWIFT_VERSION = 5.0;
				TARGETED_DEVICE_FAMILY = "1,2";
			};
			name = Release;
		};
/* End XCBuildConfiguration section */

/* Begin XCConfigurationList section */
		D709B63429CDDF99004676EB /* Build configuration list for PBXProject "MeditateTime" */ = {
			isa = XCConfigurationList;
			buildConfigurations = (
				D709B64529CDDF9A004676EB /* Debug */,
				D709B64629CDDF9A004676EB /* Release */,
			);
			defaultConfigurationIsVisible = 0;
			defaultConfigurationName = Release;
		};
		D709B64729CDDF9A004676EB /* Build configuration list for PBXNativeTarget "MeditateTime" */ = {
			isa = XCConfigurationList;
			buildConfigurations = (
				D709B64829CDDF9A004676EB /* Debug */,
				D709B64929CDDF9A004676EB /* Release */,
			);
			defaultConfigurationIsVisible = 0;
			defaultConfigurationName = Release;
		};
/* End XCConfigurationList section */
	};
	rootObject = D709B63129CDDF99004676EB /* Project object */;
}
